
Microsoft Visual Studio Solution File, Format Version 12.00
# Visual Studio Version 17
VisualStudioVersion = 17.12.35707.178 d17.12
MinimumVisualStudioVersion = 10.0.40219.1
Project("{FAE04EC0-301F-11D3-BF4B-00C04F79EFBC}") = "NomeDeFuncionarios", "NomeDeFuncionarios\NomeDeFuncionarios.csproj", "{0BAE386F-7CA6-4A81-8BCE-608F028414BC}"
EndProject
Global
	GlobalSection(SolutionConfigurationPlatforms) = preSolution
		Debug|Any CPU = Debug|Any CPU
		Release|Any CPU = Release|Any CPU
	EndGlobalSection
	GlobalSection(ProjectConfigurationPlatforms) = postSolution
		{0BAE386F-7CA6-4A81-8BCE-608F028414BC}.Debug|Any CPU.ActiveCfg = Debug|Any CPU
		{0BAE386F-7CA6-4A81-8BCE-608F028414BC}.Debug|Any CPU.Build.0 = Debug|Any CPU
		{0BAE386F-7CA6-4A81-8BCE-608F028414BC}.Release|Any CPU.ActiveCfg = Release|Any CPU
		{0BAE386F-7CA6-4A81-8BCE-608F028414BC}.Release|Any CPU.Build.0 = Release|Any CPU
	EndGlobalSection
	GlobalSection(SolutionProperties) = preSolution
		HideSolutionNode = FALSE
	EndGlobalSection
EndGlobal
